
Microsoft Visual Studio Solution File, Format Version 12.00
# Visual Studio 2012
Project("{8BC9CEB8-8B4A-11D0-8D11-00A0C91BC942}") = "WindowsGraphics", "WindowsGraphics\WindowsGraphics.vcxproj", "{FF48C0C1-F858-41F3-923B-BE2FBE7952D8}"
EndProject
Global
	GlobalSection(SolutionConfigurationPlatforms) = preSolution
		Debug|Win32 = Debug|Win32
		Release|Win32 = Release|Win32
	EndGlobalSection
	GlobalSection(ProjectConfigurationPlatforms) = postSolution
		{FF48C0C1-F858-41F3-923B-BE2FBE7952D8}.Debug|Win32.ActiveCfg = Debug|Win32
		{FF48C0C1-F858-41F3-923B-BE2FBE7952D8}.Debug|Win32.Build.0 = Debug|Win32
		{FF48C0C1-F858-41F3-923B-BE2FBE7952D8}.Release|Win32.ActiveCfg = Release|Win32
		{FF48C0C1-F858-41F3-923B-BE2FBE7952D8}.Release|Win32.Build.0 = Release|Win32
	EndGlobalSection
	GlobalSection(SolutionProperties) = preSolution
		HideSolutionNode = FALSE
	EndGlobalSection
EndGlobal
